
Microsoft Visual Studio Solution File, Format Version 12.00
# Visual Studio Version 16
VisualStudioVersion = 16.0.29424.173
MinimumVisualStudioVersion = 10.0.40219.1
Project("{FAE04EC0-301F-11D3-BF4B-00C04F79EFBC}") = "FLAPI", "..\FLAPI\FLAPI.csproj", "{4556E5C0-C87D-40EB-834E-234DCDADF098}"
EndProject
Global
	GlobalSection(SolutionConfigurationPlatforms) = preSolution
		Debug|Any CPU = Debug|Any CPU
		Release|Any CPU = Release|Any CPU
	EndGlobalSection
	GlobalSection(ProjectConfigurationPlatforms) = postSolution
		{4556E5C0-C87D-40EB-834E-234DCDADF098}.Debug|Any CPU.ActiveCfg = Debug|Any CPU
		{4556E5C0-C87D-40EB-834E-234DCDADF098}.Debug|Any CPU.Build.0 = Debug|Any CPU
		{4556E5C0-C87D-40EB-834E-234DCDADF098}.Release|Any CPU.ActiveCfg = Release|Any CPU
		{4556E5C0-C87D-40EB-834E-234DCDADF098}.Release|Any CPU.Build.0 = Release|Any CPU
	EndGlobalSection
	GlobalSection(SolutionProperties) = preSolution
		HideSolutionNode = FALSE
	EndGlobalSection
	GlobalSection(ExtensibilityGlobals) = postSolution
		SolutionGuid = {8D0E4191-5D16-4CD2-96C0-A6955F77E5D6}
	EndGlobalSection
EndGlobal
